# Pinned Debian installer base image for reproducible NM-OS installer builds.
# Override with NMOS_BASE_INSTALLER_BASE_URL / NMOS_BASE_INSTALLER_ISO_FILE / NMOS_BASE_INSTALLER_SHA256 when needed.
BASE_URL=https://cdimage.debian.org/debian-cd/13.4.0/amd64/iso-cd
ISO_FILE=debian-13.4.0-amd64-netinst.iso
SHA256=0b813535dd76f2ea96eff908c65e8521512c92a0631fd41c95756ffd7d4896dc
